
Microsoft Visual Studio Solution File, Format Version 12.00
# Visual Studio Version 17
VisualStudioVersion = 17.3.32929.385
MinimumVisualStudioVersion = 10.0.40219.1
Project("{FAE04EC0-301F-11D3-BF4B-00C04F79EFBC}") = "ConversioneBase_2.0", "ConversioneBase_2.0\ConversioneBase_2.0.csproj", "{CFEAC8EC-2B05-49D7-ABD5-43384ECBBF8F}"
EndProject
Global
	GlobalSection(SolutionConfigurationPlatforms) = preSolution
		Debug|Any CPU = Debug|Any CPU
		Release|Any CPU = Release|Any CPU
	EndGlobalSection
	GlobalSection(ProjectConfigurationPlatforms) = postSolution
		{CFEAC8EC-2B05-49D7-ABD5-43384ECBBF8F}.Debug|Any CPU.ActiveCfg = Debug|Any CPU
		{CFEAC8EC-2B05-49D7-ABD5-43384ECBBF8F}.Debug|Any CPU.Build.0 = Debug|Any CPU
		{CFEAC8EC-2B05-49D7-ABD5-43384ECBBF8F}.Release|Any CPU.ActiveCfg = Release|Any CPU
		{CFEAC8EC-2B05-49D7-ABD5-43384ECBBF8F}.Release|Any CPU.Build.0 = Release|Any CPU
	EndGlobalSection
	GlobalSection(SolutionProperties) = preSolution
		HideSolutionNode = FALSE
	EndGlobalSection
	GlobalSection(ExtensibilityGlobals) = postSolution
		SolutionGuid = {907E9243-5AFF-4259-BF2D-2AEEDD34B66F}
	EndGlobalSection
EndGlobal
