
Microsoft Visual Studio Solution File, Format Version 12.00
# Visual Studio Version 16
VisualStudioVersion = 16.0.31402.337
MinimumVisualStudioVersion = 10.0.40219.1
Project("{FAE04EC0-301F-11D3-BF4B-00C04F79EFBC}") = "NumeriDecrescenti", "NumeriDecrescenti.csproj", "{C7983E8E-19E3-4930-B631-79EAC25AD82C}"
EndProject
Global
	GlobalSection(SolutionConfigurationPlatforms) = preSolution
		Debug|Any CPU = Debug|Any CPU
		Release|Any CPU = Release|Any CPU
	EndGlobalSection
	GlobalSection(ProjectConfigurationPlatforms) = postSolution
		{C7983E8E-19E3-4930-B631-79EAC25AD82C}.Debug|Any CPU.ActiveCfg = Debug|Any CPU
		{C7983E8E-19E3-4930-B631-79EAC25AD82C}.Debug|Any CPU.Build.0 = Debug|Any CPU
		{C7983E8E-19E3-4930-B631-79EAC25AD82C}.Release|Any CPU.ActiveCfg = Release|Any CPU
		{C7983E8E-19E3-4930-B631-79EAC25AD82C}.Release|Any CPU.Build.0 = Release|Any CPU
	EndGlobalSection
	GlobalSection(SolutionProperties) = preSolution
		HideSolutionNode = FALSE
	EndGlobalSection
	GlobalSection(ExtensibilityGlobals) = postSolution
		SolutionGuid = {B606A123-740F-44A5-8DE7-8CDD6706D1A3}
	EndGlobalSection
EndGlobal
