
Microsoft Visual Studio Solution File, Format Version 12.00
# Visual Studio Version 17
VisualStudioVersion = 17.3.32929.385
MinimumVisualStudioVersion = 10.0.40219.1
Project("{FAE04EC0-301F-11D3-BF4B-00C04F79EFBC}") = "EsercizioDado3_Cervati_Michele", "EsercizioDado3_Cervati_Michele\EsercizioDado3_Cervati_Michele.csproj", "{99D0F6FD-73AF-488F-9E9D-37A3D483C4BA}"
EndProject
Global
	GlobalSection(SolutionConfigurationPlatforms) = preSolution
		Debug|Any CPU = Debug|Any CPU
		Release|Any CPU = Release|Any CPU
	EndGlobalSection
	GlobalSection(ProjectConfigurationPlatforms) = postSolution
		{99D0F6FD-73AF-488F-9E9D-37A3D483C4BA}.Debug|Any CPU.ActiveCfg = Debug|Any CPU
		{99D0F6FD-73AF-488F-9E9D-37A3D483C4BA}.Debug|Any CPU.Build.0 = Debug|Any CPU
		{99D0F6FD-73AF-488F-9E9D-37A3D483C4BA}.Release|Any CPU.ActiveCfg = Release|Any CPU
		{99D0F6FD-73AF-488F-9E9D-37A3D483C4BA}.Release|Any CPU.Build.0 = Release|Any CPU
	EndGlobalSection
	GlobalSection(SolutionProperties) = preSolution
		HideSolutionNode = FALSE
	EndGlobalSection
	GlobalSection(ExtensibilityGlobals) = postSolution
		SolutionGuid = {8851588B-B275-44C6-844A-898FC99BD49D}
	EndGlobalSection
EndGlobal
