
Microsoft Visual Studio Solution File, Format Version 12.00
# Visual Studio Version 17
VisualStudioVersion = 17.3.32929.385
MinimumVisualStudioVersion = 10.0.40219.1
Project("{FAE04EC0-301F-11D3-BF4B-00C04F79EFBC}") = "EsercizioDado2_Cervati_Michele", "EsercizioDado2_Cervati_Michele\EsercizioDado2_Cervati_Michele.csproj", "{2B48B3D2-969C-4CA3-A53C-890EF9651563}"
EndProject
Global
	GlobalSection(SolutionConfigurationPlatforms) = preSolution
		Debug|Any CPU = Debug|Any CPU
		Release|Any CPU = Release|Any CPU
	EndGlobalSection
	GlobalSection(ProjectConfigurationPlatforms) = postSolution
		{2B48B3D2-969C-4CA3-A53C-890EF9651563}.Debug|Any CPU.ActiveCfg = Debug|Any CPU
		{2B48B3D2-969C-4CA3-A53C-890EF9651563}.Debug|Any CPU.Build.0 = Debug|Any CPU
		{2B48B3D2-969C-4CA3-A53C-890EF9651563}.Release|Any CPU.ActiveCfg = Release|Any CPU
		{2B48B3D2-969C-4CA3-A53C-890EF9651563}.Release|Any CPU.Build.0 = Release|Any CPU
	EndGlobalSection
	GlobalSection(SolutionProperties) = preSolution
		HideSolutionNode = FALSE
	EndGlobalSection
	GlobalSection(ExtensibilityGlobals) = postSolution
		SolutionGuid = {CF153161-7064-47B7-9F84-0082A39F4126}
	EndGlobalSection
EndGlobal
